github.com/aws/aws-sdk-go-v2 v1.40.0 h1:/WMUA0kjhZExjOQN2z3oLALDREea1A7TobfuiBrKlwc=
github.com/aws/aws-sdk-go-v2 v1.40.0/go.mod h1:c9pm7VwuW0UPxAEYGyTmyurVcNrbF6Rt/wixFqDhcjE=
github.com/aws/aws-sdk-go-v2/aws/protocol/eventstream v1.7.3 h1:DHctwEM8P8iTXFxC/QK0MRjwEpWQeM9yzidCRjldUz0=
github.com/aws/aws-sdk-go-v2/aws/protocol/eventstream v1.7.3/go.mod h1:xdCzcZEtnSTKVDOmUZs4l/j3pSV6rpo1WXl5ugNsL8Y=
github.com/aws/aws-sdk-go-v2/config v1.31.11 h1:6QOO1mP0MgytbfKsL/r/gE1P6/c/4pPzrrU3hKxa5fs=
github.com/aws/aws-sdk-go-v2/config v1.31.11/go.mod h1:KzpDsPX/dLxaUzoqM3sN2NOhbQIW4HW/0W8rQA1YFEs=
github.com/aws/aws-sdk-go-v2/credentials v1.18.15 h1:Gqy7/05KEfUSulSvwxnB7t8DuZMR3ShzNcwmTD6HOLU=
github.com/aws/aws-sdk-go-v2/credentials v1.18.15/go.mod h1:VWDWSRpYHjcjURRaQ7NUzgeKFN8Iv31+EOMT/W+bFyc=
github.com/aws/aws-sdk-go-v2/feature/ec2/imds v1.18.9 h1:Mv4Bc0mWmv6oDuSWTKnk+wgeqPL5DRFu5bQL9BGPQ8Y=
github.com/aws/aws-sdk-go-v2/feature/ec2/imds v1.18.9/go.mod h1:IKlKfRppK2a1y0gy1yH6zD+yX5uplJ6UuPlgd48dJiQ=
github.com/aws/aws-sdk-go-v2/internal/configsources v1.4.14 h1:PZHqQACxYb8mYgms4RZbhZG0a7dPW06xOjmaH0EJC/I=
github.com/aws/aws-sdk-go-v2/internal/configsources v1.4.14/go.mod h1:VymhrMJUWs69D8u0/lZ7jSB6WgaG/NqHi3gX0aYf6U0=
github.com/aws/aws-sdk-go-v2/internal/endpoints/v2 v2.7.14 h1:bOS19y6zlJwagBfHxs0ESzr1XCOU2KXJCWcq3E2vfjY=
github.com/aws/aws-sdk-go-v2/internal/endpoints/v2 v2.7.14/go.mod h1:1ipeGBMAxZ0xcTm6y6paC2C/J6f6OO7LBODV9afuAyM=
github.com/aws/aws-sdk-go-v2/internal/ini v1.8.3 h1:bIqFDwgGXXN1Kpp99pDOdKMTTb5d2KyU5X/BZxjOkRo=
github.com/aws/aws-sdk-go-v2/internal/ini v1.8.3/go.mod h1:H5O/EsxDWyU+LP/V8i5sm8cxoZgc2fdNR9bxlOFrQTo=
github.com/aws/aws-sdk-go-v2/service/ec2 v1.254.1 h1:7p9bJCZ/b3EJXXARW7JMEs2IhsnI4YFHpfXQfgMh0eg=
github.com/aws/aws-sdk-go-v2/service/ec2 v1.254.1/go.mod h1:M8WWWIfXmxA4RgTXcI/5cSByxRqjgne32Sh0VIbrn0A=
github.com/aws/aws-sdk-go-v2/service/ecs v1.69.1 h1:8Z+sQnE1Y9QXKgWtpdtOrRbFgG82zR3W8bt5mYOP4O4=
github.com/aws/aws-sdk-go-v2/service/ecs v1.69.1/go.mod h1:Tc2TICeWJQ4koMm6/39NK1ZIrSJh+5FF8EAm4WtdN+0=
github.com/aws/aws-sdk-go-v2/service/eks v1.75.1 h1:WFcSYWHNNdnRnN8H2jyokrn3Yz5T1DMg+D3CWog4luk=
github.com/aws/aws-sdk-go-v2/service/eks v1.75.1/go.mod h1:lrJRZkSj6nIXH/SN3gbGQp4i4AtNyha0wT7VgYZ3KDw=
github.com/aws/aws-sdk-go-v2/service/elasticloadbalancingv2 v1.50.6 h1:qhVfq2WIqvxPTywVrznCkX1ad+5p6E85XTEjXpQN7RM=
github.com/aws/aws-sdk-go-v2/service/elasticloadbalancingv2 v1.50.6/go.mod h1:RuZwE3p8IrWqK1kZhwH2TymlHLPuiI/taBMb8vrD39Q=
github.com/aws/aws-sdk-go-v2/service/internal/accept-encoding v1.13.3 h1:x2Ibm/Af8Fi+BH+Hsn9TXGdT+hKbDd5XOTZxTMxDk7o=
github.com/aws/aws-sdk-go-v2/service/internal/accept-encoding v1.13.3/go.mod h1:IW1jwyrQgMdhisceG8fQLmQIydcT/jWY21rFhzgaKwo=
github.com/aws/aws-sdk-go-v2/service/internal/presigned-url v1.13.14 h1:FIouAnCE46kyYqyhs0XEBDFFSREtdnr8HQuLPQPLCrY=
github.com/aws/aws-sdk-go-v2/service/internal/presigned-url v1.13.14/go.mod h1:UTwDc5COa5+guonQU8qBikJo1ZJ4ln2r1MkF7Dqag1E=
github.com/aws/aws-sdk-go-v2/service/lambda v1.83.1 h1:YzOkKK2UaDmc5l5AAR4o0eUFTldhyAEiDR6pgTw/NOk=
github.com/aws/aws-sdk-go-v2/service/lambda v1.83.1/go.mod h1:eIjSAyPg9Qgrxc3hO8ppauvdjVnWbmudyAevEnOuat8=
github.com/aws/aws-sdk-go-v2/service/rds v1.111.1 h1:M+J7Y9s0JHeHaSVFoq5aaTDjj58bbUqbCuW7BIam3KI=
github.com/aws/aws-sdk-go-v2/service/rds v1.111.1/go.mod h1:DCoBFX5nu7ZQxaZqGe+5Ai8Qd3lLpcQF1EhMrlC/FWU=
github.com/aws/aws-sdk-go-v2/service/sso v1.29.5 h1:WwL5YLHabIBuAlEKRoLgqLz1LxTvCEpwsQr7MiW/vnM=
github.com/aws/aws-sdk-go-v2/service/sso v1.29.5/go.mod h1:5PfYspyCU5Vw1wNPsxi15LZovOnULudOQuVxphSflQA=
github.com/aws/aws-sdk-go-v2/service/ssooidc v1.35.1 h1:5fm5RTONng73/QA73LhCNR7UT9RpFH3hR6HWL6bIgVY=
github.com/aws/aws-sdk-go-v2/service/ssooidc v1.35.1/go.mod h1:xBEjWD13h+6nq+z4AkqSfSvqRKFgDIQeaMguAJndOWo=
github.com/aws/aws-sdk-go-v2/service/sts v1.38.6 h1:p3jIvqYwUZgu/XYeI48bJxOhvm47hZb5HUQ0tn6Q9kA=
github.com/aws/aws-sdk-go-v2/service/sts v1.38.6/go.mod h1:WtKK+ppze5yKPkZ0XwqIVWD4beCwv056ZbPQNoeHqM8=
github.com/aws/smithy-go v1.23.2 h1:Crv0eatJUQhaManss33hS5r40CG3ZFH+21XSkqMrIUM=
github.com/aws/smithy-go v1.23.2/go.mod h1:LEj2LM3rBRQJxPZTB4KuzZkaZYnZPnvgIhb4pu07mx0=
gopkg.in/check.v1 v0.0.0-20161208181325-20d25e280405 h1:yhCVgyC4o1eVCa2tZl7eS0r+SDo693bJlVdllGtEeKM=
gopkg.in/check.v1 v0.0.0-20161208181325-20d25e280405/go.mod h1:Co6ibVJAznAaIkqp8huTwlJQCZ016jof/cbN4VW5Yz0=
gopkg.in/yaml.v3 v3.0.1 h1:fxVm/GzAzEWqLHuvctI91KS9hhNmmWOoWu0XTYJS7CA=
gopkg.in/yaml.v3 v3.0.1/go.mod h1:K4uyk7z7BCEPqu6E+C64Yfv1cQ7kz7rIZviUmN+EgEM=
